{
    "name": "@sommelier/app",
    "version": "0.1.0",
    "lockfileVersion": 1,
    "requires": true,
    "dependencies": {
        "@emotion/hash": {
            "version": "0.8.0",
            "resolved": "https://registry.npmjs.org/@emotion/hash/-/hash-0.8.0.tgz",
            "integrity": "sha512-kBJtf7PH6aWwZ6fka3zQ0p6SBYzx4fl1LoZXE2RrnYST9Xljm7WfKJrU4g/Xr3Beg72MLrp1AWNUmuYJTL7Cow==",
            "dev": true
        },
        "@emotion/memoize": {
            "version": "0.7.5",
            "resolved": "https://registry.npmjs.org/@emotion/memoize/-/memoize-0.7.5.tgz",
            "integrity": "sha512-igX9a37DR2ZPGYtV6suZ6whr8pTFtyHL3K/oLUotxpSVO2ASaprmAe2Dkq7tBo7CRY7MMDrAa9nuQP9/YG8FxQ==",
            "dev": true
        },
        "@emotion/serialize": {
            "version": "1.0.2",
            "resolved": "https://registry.npmjs.org/@emotion/serialize/-/serialize-1.0.2.tgz",
            "integrity": "sha512-95MgNJ9+/ajxU7QIAruiOAdYNjxZX7G2mhgrtDWswA21VviYIRP1R5QilZ/bDY42xiKsaktP4egJb3QdYQZi1A==",
            "dev": true,
            "requires": {
                "@emotion/hash": "0.8.0",
                "@emotion/memoize": "0.7.5",
                "@emotion/unitless": "0.7.5",
                "@emotion/utils": "1.0.0",
                "csstype": "3.0.7"
            }
        },
        "@emotion/unitless": {
            "version": "0.7.5",
            "resolved": "https://registry.npmjs.org/@emotion/unitless/-/unitless-0.7.5.tgz",
            "integrity": "sha512-OWORNpfjMsSSUBVrRBVGECkhWcULOAJz9ZW8uK9qgxD+87M7jHRcvh/A96XXNhXTLmKcoYSQtBEX7lHMO7YRwg==",
            "dev": true
        },
        "@emotion/utils": {
            "version": "1.0.0",
            "resolved": "https://registry.npmjs.org/@emotion/utils/-/utils-1.0.0.tgz",
            "integrity": "sha512-mQC2b3XLDs6QCW+pDQDiyO/EdGZYOygE8s5N5rrzjSI4M3IejPE/JPndCBwRT9z982aqQNi6beWs1UeayrQxxA==",
            "dev": true
        },
        "@types/prop-types": {
            "version": "15.7.3",
            "resolved": "https://registry.npmjs.org/@types/prop-types/-/prop-types-15.7.3.tgz",
            "integrity": "sha512-KfRL3PuHmqQLOG+2tGpRO26Ctg+Cq1E01D2DMriKEATHgWLfeNDmq9e29Q9WIky0dQ3NPkd1mzYH8Lm936Z9qw==",
            "dev": true
        },
        "@types/react-select": {
            "version": "4.0.14",
            "resolved": "https://registry.npmjs.org/@types/react-select/-/react-select-4.0.14.tgz",
            "integrity": "sha512-bGisnh8SWQqvoygT9CsaOFwG6o4C/0RCB8X2c3luNXpI0x98u4pA9e9bb12mnQuz/0/D2nBeDGvQv/wU9p6OCw==",
            "dev": true,
            "requires": {
                "@emotion/serialize": "1.0.2",
                "@types/react": "17.0.3",
                "@types/react-dom": "17.0.3",
                "@types/react-transition-group": "4.4.1"
            },
            "dependencies": {
                "@types/react": {
                    "version": "17.0.3",
                    "resolved": "https://registry.npmjs.org/@types/react/-/react-17.0.3.tgz",
                    "integrity": "sha512-wYOUxIgs2HZZ0ACNiIayItyluADNbONl7kt8lkLjVK8IitMH5QMyAh75Fwhmo37r1m7L2JaFj03sIfxBVDvRAg==",
                    "dev": true,
                    "requires": {
                        "@types/prop-types": "15.7.3",
                        "@types/scheduler": "0.16.1",
                        "csstype": "3.0.7"
                    }
                },
                "@types/react-dom": {
                    "version": "17.0.3",
                    "resolved": "https://registry.npmjs.org/@types/react-dom/-/react-dom-17.0.3.tgz",
                    "integrity": "sha512-4NnJbCeWE+8YBzupn/YrJxZ8VnjcJq5iR1laqQ1vkpQgBiA7bwk0Rp24fxsdNinzJY2U+HHS4dJJDPdoMjdJ7w==",
                    "dev": true,
                    "requires": {
                        "@types/react": "17.0.3"
                    }
                }
            }
        },
        "@types/react-transition-group": {
            "version": "4.4.1",
            "resolved": "https://registry.npmjs.org/@types/react-transition-group/-/react-transition-group-4.4.1.tgz",
            "integrity": "sha512-vIo69qKKcYoJ8wKCJjwSgCTM+z3chw3g18dkrDfVX665tMH7tmbDxEAnPdey4gTlwZz5QuHGzd+hul0OVZDqqQ==",
            "dev": true,
            "requires": {
                "@types/react": "17.0.3"
            },
            "dependencies": {
                "@types/react": {
                    "version": "17.0.3",
                    "resolved": "https://registry.npmjs.org/@types/react/-/react-17.0.3.tgz",
                    "integrity": "sha512-wYOUxIgs2HZZ0ACNiIayItyluADNbONl7kt8lkLjVK8IitMH5QMyAh75Fwhmo37r1m7L2JaFj03sIfxBVDvRAg==",
                    "dev": true,
                    "requires": {
                        "@types/prop-types": "15.7.3",
                        "@types/scheduler": "0.16.1",
                        "csstype": "3.0.7"
                    }
                }
            }
        },
        "@types/scheduler": {
            "version": "0.16.1",
            "resolved": "https://registry.npmjs.org/@types/scheduler/-/scheduler-0.16.1.tgz",
            "integrity": "sha512-EaCxbanVeyxDRTQBkdLb3Bvl/HK7PBK6UJjsSixB0iHKoWxE5uu2Q/DgtpOhPIojN0Zl1whvOd7PoHs2P0s5eA==",
            "dev": true
        },
        "csstype": {
            "version": "3.0.7",
            "resolved": "https://registry.npmjs.org/csstype/-/csstype-3.0.7.tgz",
            "integrity": "sha512-KxnUB0ZMlnUWCsx2Z8MUsr6qV6ja1w9ArPErJaJaF8a5SOWoHLIszeCTKGRGRgtLgYrs1E8CHkNSP1VZTTPc9g==",
            "dev": true
        }
    }
}
