{
    "name": "root",
    "requires": true,
    "lockfileVersion": 1,
    "dependencies": {
        "mixpanel-browser": {
            "version": "2.40.0",
            "resolved": "https://registry.npmjs.org/mixpanel-browser/-/mixpanel-browser-2.40.0.tgz",
            "integrity": "sha512-lhBsxIP9FX3ZJlOICgCzkFjfOKZ4T1Z5MfW8duYbb1kq7Lc4jSuJF2kTiuDISubAiZhsUXUwrGNATjeGjoXJWw=="
        }
    }
}
